
Microsoft Visual Studio Solution File, Format Version 12.00
# Visual Studio Version 17
VisualStudioVersion = 17.8.34511.84
MinimumVisualStudioVersion = 10.0.40219.1
Project("{FAE04EC0-301F-11D3-BF4B-00C04F79EFBC}") = "while", "while\while.csproj", "{29E86428-2E32-49C9-9EF8-849794A5E833}"
EndProject
Global
	GlobalSection(SolutionConfigurationPlatforms) = preSolution
		Debug|Any CPU = Debug|Any CPU
		Release|Any CPU = Release|Any CPU
	EndGlobalSection
	GlobalSection(ProjectConfigurationPlatforms) = postSolution
		{29E86428-2E32-49C9-9EF8-849794A5E833}.Debug|Any CPU.ActiveCfg = Debug|Any CPU
		{29E86428-2E32-49C9-9EF8-849794A5E833}.Debug|Any CPU.Build.0 = Debug|Any CPU
		{29E86428-2E32-49C9-9EF8-849794A5E833}.Release|Any CPU.ActiveCfg = Release|Any CPU
		{29E86428-2E32-49C9-9EF8-849794A5E833}.Release|Any CPU.Build.0 = Release|Any CPU
	EndGlobalSection
	GlobalSection(SolutionProperties) = preSolution
		HideSolutionNode = FALSE
	EndGlobalSection
	GlobalSection(ExtensibilityGlobals) = postSolution
		SolutionGuid = {053A3D97-E07C-41BA-82E9-CBE4168065D8}
	EndGlobalSection
EndGlobal
